// !$*UTF8*$!
{
	archiveVersion = 1;
	classes = {
	};
	objectVersion = 46;
	objects = {

/* Begin PBXBuildFile section */
		9A91D4971BC81CA8003D4F34 /* AppDelegate.swift in Sources */ = {isa = PBXBuildFile; fileRef = 9A91D4961BC81CA8003D4F34 /* AppDelegate.swift */; };
		9A91D4991BC81CA8003D4F34 /* ViewController.swift in Sources */ = {isa = PBXBuildFile; fileRef = 9A91D4981BC81CA8003D4F34 /* ViewController.swift */; };
		9A91D49C1BC81CA8003D4F34 /* Main.storyboard in Resources */ = {isa = PBXBuildFile; fileRef = 9A91D49A1BC81CA8003D4F34 /* Main.storyboard */; };
		9A91D49E1BC81CA8003D4F34 /* Assets.xcassets in Resources */ = {isa = PBXBuildFile; fileRef = 9A91D49D1BC81CA8003D4F34 /* Assets.xcassets */; };
		9A91D4A11BC81CA8003D4F34 /* LaunchScreen.storyboard in Resources */ = {isa = PBXBuildFile; fileRef = 9A91D49F1BC81CA8003D4F34 /* LaunchScreen.storyboard */; };
		9A91D4AC1BC81CA8003D4F34 /* PathfinderTests.swift in Sources */ = {isa = PBXBuildFile; fileRef = 9A91D4AB1BC81CA8003D4F34 /* PathfinderTests.swift */; };
		9A91D4B71BC81CA8003D4F34 /* PathfinderUITests.swift in Sources */ = {isa = PBXBuildFile; fileRef = 9A91D4B61BC81CA8003D4F34 /* PathfinderUITests.swift */; };
		9A91D4C51BC81CB9003D4F34 /* boards in Resources */ = {isa = PBXBuildFile; fileRef = 9A91D4C41BC81CB9003D4F34 /* boards */; };
		9A91D4CA1BC81DFB003D4F34 /* NodeGraphView.swift in Sources */ = {isa = PBXBuildFile; fileRef = 9A91D4C61BC81DFB003D4F34 /* NodeGraphView.swift */; };
		9A91D4CB1BC81DFB003D4F34 /* NodeType.swift in Sources */ = {isa = PBXBuildFile; fileRef = 9A91D4C71BC81DFB003D4F34 /* NodeType.swift */; };
		9A91D4CC1BC81DFB003D4F34 /* Pathfinder.swift in Sources */ = {isa = PBXBuildFile; fileRef = 9A91D4C81BC81DFB003D4F34 /* Pathfinder.swift */; };
		9A91D4CD1BC81DFB003D4F34 /* MapLoader.swift in Sources */ = {isa = PBXBuildFile; fileRef = 9A91D4C91BC81DFB003D4F34 /* MapLoader.swift */; };
/* End PBXBuildFile section */

/* Begin PBXContainerItemProxy section */
		9A91D4A81BC81CA8003D4F34 /* PBXContainerItemProxy */ = {
			isa = PBXContainerItemProxy;
			containerPortal = 9A91D48B1BC81CA8003D4F34 /* Project object */;
			proxyType = 1;
			remoteGlobalIDString = 9A91D4921BC81CA8003D4F34;
			remoteInfo = Pathfinder;
		};
		9A91D4B31BC81CA8003D4F34 /* PBXContainerItemProxy */ = {
			isa = PBXContainerItemProxy;
			containerPortal = 9A91D48B1BC81CA8003D4F34 /* Project object */;
			proxyType = 1;
			remoteGlobalIDString = 9A91D4921BC81CA8003D4F34;
			remoteInfo = Pathfinder;
		};
/* End PBXContainerItemProxy section */

/* Begin PBXFileReference section */
		9A91D4931BC81CA8003D4F34 /* Pathfinder.app */ = {isa = PBXFileReference; explicitFileType = wrapper.application; includeInIndex = 0; path = Pathfinder.app; sourceTree = BUILT_PRODUCTS_DIR; };
		9A91D4961BC81CA8003D4F34 /* AppDelegate.swift */ = {isa = PBXFileReference; lastKnownFileType = sourcecode.swift; path = AppDelegate.swift; sourceTree = "<group>"; };
		9A91D4981BC81CA8003D4F34 /* ViewController.swift */ = {isa = PBXFileReference; lastKnownFileType = sourcecode.swift; path = ViewController.swift; sourceTree = "<group>"; };
		9A91D49B1BC81CA8003D4F34 /* Base */ = {isa = PBXFileReference; lastKnownFileType = file.storyboard; name = Base; path = Base.lproj/Main.storyboard; sourceTree = "<group>"; };
		9A91D49D1BC81CA8003D4F34 /* Assets.xcassets */ = {isa = PBXFileReference; lastKnownFileType = folder.assetcatalog; path = Assets.xcassets; sourceTree = "<group>"; };
		9A91D4A01BC81CA8003D4F34 /* Base */ = {isa = PBXFileReference; lastKnownFileType = file.storyboard; name = Base; path = Base.lproj/LaunchScreen.storyboard; sourceTree = "<group>"; };
		9A91D4A21BC81CA8003D4F34 /* Info.plist */ = {isa = PBXFileReference; lastKnownFileType = text.plist.xml; path = Info.plist; sourceTree = "<group>"; };
		9A91D4A71BC81CA8003D4F34 /* PathfinderTests.xctest */ = {isa = PBXFileReference; explicitFileType = wrapper.cfbundle; includeInIndex = 0; path = PathfinderTests.xctest; sourceTree = BUILT_PRODUCTS_DIR; };
		9A91D4AB1BC81CA8003D4F34 /* PathfinderTests.swift */ = {isa = PBXFileReference; lastKnownFileType = sourcecode.swift; path = PathfinderTests.swift; sourceTree = "<group>"; };
		9A91D4AD1BC81CA8003D4F34 /* Info.plist */ = {isa = PBXFileReference; lastKnownFileType = text.plist.xml; path = Info.plist; sourceTree = "<group>"; };
		9A91D4B21BC81CA8003D4F34 /* PathfinderUITests.xctest */ = {isa = PBXFileReference; explicitFileType = wrapper.cfbundle; includeInIndex = 0; path = PathfinderUITests.xctest; sourceTree = BUILT_PRODUCTS_DIR; };
		9A91D4B61BC81CA8003D4F34 /* PathfinderUITests.swift */ = {isa = PBXFileReference; lastKnownFileType = sourcecode.swift; path = PathfinderUITests.swift; sourceTree = "<group>"; };
		9A91D4B81BC81CA8003D4F34 /* Info.plist */ = {isa = PBXFileReference; lastKnownFileType = text.plist.xml; path = Info.plist; sourceTree = "<group>"; };
		9A91D4C41BC81CB9003D4F34 /* boards */ = {isa = PBXFileReference; lastKnownFileType = folder; path = boards; sourceTree = "<group>"; };
		9A91D4C61BC81DFB003D4F34 /* NodeGraphView.swift */ = {isa = PBXFileReference; fileEncoding = 4; lastKnownFileType = sourcecode.swift; path = NodeGraphView.swift; sourceTree = "<group>"; };
		9A91D4C71BC81DFB003D4F34 /* NodeType.swift */ = {isa = PBXFileReference; fileEncoding = 4; lastKnownFileType = sourcecode.swift; path = NodeType.swift; sourceTree = "<group>"; };
		9A91D4C81BC81DFB003D4F34 /* Pathfinder.swift */ = {isa = PBXFileReference; fileEncoding = 4; lastKnownFileType = sourcecode.swift; path = Pathfinder.swift; sourceTree = "<group>"; };
		9A91D4C91BC81DFB003D4F34 /* MapLoader.swift */ = {isa = PBXFileReference; fileEncoding = 4; lastKnownFileType = sourcecode.swift; path = MapLoader.swift; sourceTree = "<group>"; };
/* End PBXFileReference section */

/* Begin PBXFrameworksBuildPhase section */
		9A91D4901BC81CA8003D4F34 /* Frameworks */ = {
			isa = PBXFrameworksBuildPhase;
			buildActionMask = 2147483647;
			files = (
			);
			runOnlyForDeploymentPostprocessing = 0;
		};
		9A91D4A41BC81CA8003D4F34 /* Frameworks */ = {
			isa = PBXFrameworksBuildPhase;
			buildActionMask = 2147483647;
			files = (
			);
			runOnlyForDeploymentPostprocessing = 0;
		};
		9A91D4AF1BC81CA8003D4F34 /* Frameworks */ = {
			isa = PBXFrameworksBuildPhase;
			buildActionMask = 2147483647;
			files = (
			);
			runOnlyForDeploymentPostprocessing = 0;
		};
/* End PBXFrameworksBuildPhase section */

/* Begin PBXGroup section */
		9A91D48A1BC81CA8003D4F34 = {
			isa = PBXGroup;
			children = (
				9A91D4951BC81CA8003D4F34 /* Pathfinder */,
				9A91D4AA1BC81CA8003D4F34 /* PathfinderTests */,
				9A91D4B51BC81CA8003D4F34 /* PathfinderUITests */,
				9A91D4941BC81CA8003D4F34 /* Products */,
			);
			sourceTree = "<group>";
		};
		9A91D4941BC81CA8003D4F34 /* Products */ = {
			isa = PBXGroup;
			children = (
				9A91D4931BC81CA8003D4F34 /* Pathfinder.app */,
				9A91D4A71BC81CA8003D4F34 /* PathfinderTests.xctest */,
				9A91D4B21BC81CA8003D4F34 /* PathfinderUITests.xctest */,
			);
			name = Products;
			sourceTree = "<group>";
		};
		9A91D4951BC81CA8003D4F34 /* Pathfinder */ = {
			isa = PBXGroup;
			children = (
				9A91D4961BC81CA8003D4F34 /* AppDelegate.swift */,
				9A91D4981BC81CA8003D4F34 /* ViewController.swift */,
				9A91D4C61BC81DFB003D4F34 /* NodeGraphView.swift */,
				9A91D4C71BC81DFB003D4F34 /* NodeType.swift */,
				9A91D4C81BC81DFB003D4F34 /* Pathfinder.swift */,
				9A91D4C91BC81DFB003D4F34 /* MapLoader.swift */,
				9A91D49A1BC81CA8003D4F34 /* Main.storyboard */,
				9A91D4C41BC81CB9003D4F34 /* boards */,
				9A91D49D1BC81CA8003D4F34 /* Assets.xcassets */,
				9A91D49F1BC81CA8003D4F34 /* LaunchScreen.storyboard */,
				9A91D4A21BC81CA8003D4F34 /* Info.plist */,
			);
			path = Pathfinder;
			sourceTree = "<group>";
		};
		9A91D4AA1BC81CA8003D4F34 /* PathfinderTests */ = {
			isa = PBXGroup;
			children = (
				9A91D4AB1BC81CA8003D4F34 /* PathfinderTests.swift */,
				9A91D4AD1BC81CA8003D4F34 /* Info.plist */,
			);
			path = PathfinderTests;
			sourceTree = "<group>";
		};
		9A91D4B51BC81CA8003D4F34 /* PathfinderUITests */ = {
			isa = PBXGroup;
			children = (
				9A91D4B61BC81CA8003D4F34 /* PathfinderUITests.swift */,
				9A91D4B81BC81CA8003D4F34 /* Info.plist */,
			);
			path = PathfinderUITests;
			sourceTree = "<group>";
		};
/* End PBXGroup section */

/* Begin PBXNativeTarget section */
		9A91D4921BC81CA8003D4F34 /* Pathfinder */ = {
			isa = PBXNativeTarget;
			buildConfigurationList = 9A91D4BB1BC81CA8003D4F34 /* Build configuration list for PBXNativeTarget "Pathfinder" */;
			buildPhases = (
				9A91D48F1BC81CA8003D4F34 /* Sources */,
				9A91D4901BC81CA8003D4F34 /* Frameworks */,
				9A91D4911BC81CA8003D4F34 /* Resources */,
			);
			buildRules = (
			);
			dependencies = (
			);
			name = Pathfinder;
			productName = Pathfinder;
			productReference = 9A91D4931BC81CA8003D4F34 /* Pathfinder.app */;
			productType = "com.apple.product-type.application";
		};
		9A91D4A61BC81CA8003D4F34 /* PathfinderTests */ = {
			isa = PBXNativeTarget;
			buildConfigurationList = 9A91D4BE1BC81CA8003D4F34 /* Build configuration list for PBXNativeTarget "PathfinderTests" */;
			buildPhases = (
				9A91D4A31BC81CA8003D4F34 /* Sources */,
				9A91D4A41BC81CA8003D4F34 /* Frameworks */,
				9A91D4A51BC81CA8003D4F34 /* Resources */,
			);
			buildRules = (
			);
			dependencies = (
				9A91D4A91BC81CA8003D4F34 /* PBXTargetDependency */,
			);
			name = PathfinderTests;
			productName = PathfinderTests;
			productReference = 9A91D4A71BC81CA8003D4F34 /* PathfinderTests.xctest */;
			productType = "com.apple.product-type.bundle.unit-test";
		};
		9A91D4B11BC81CA8003D4F34 /* PathfinderUITests */ = {
			isa = PBXNativeTarget;
			buildConfigurationList = 9A91D4C11BC81CA8003D4F34 /* Build configuration list for PBXNativeTarget "PathfinderUITests" */;
			buildPhases = (
				9A91D4AE1BC81CA8003D4F34 /* Sources */,
				9A91D4AF1BC81CA8003D4F34 /* Frameworks */,
				9A91D4B01BC81CA8003D4F34 /* Resources */,
			);
			buildRules = (
			);
			dependencies = (
				9A91D4B41BC81CA8003D4F34 /* PBXTargetDependency */,
			);
			name = PathfinderUITests;
			productName = PathfinderUITests;
			productReference = 9A91D4B21BC81CA8003D4F34 /* PathfinderUITests.xctest */;
			productType = "com.apple.product-type.bundle.ui-testing";
		};
/* End PBXNativeTarget section */

/* Begin PBXProject section */
		9A91D48B1BC81CA8003D4F34 /* Project object */ = {
			isa = PBXProject;
			attributes = {
				LastUpgradeCheck = 0830;
				ORGANIZATIONNAME = "Vegard Solheim Theriault";
				TargetAttributes = {
					9A91D4921BC81CA8003D4F34 = {
						CreatedOnToolsVersion = 7.0.1;
						DevelopmentTeam = DZK8EVM94K;
						LastSwiftMigration = 0830;
					};
					9A91D4A61BC81CA8003D4F34 = {
						CreatedOnToolsVersion = 7.0.1;
						LastSwiftMigration = 0830;
						TestTargetID = 9A91D4921BC81CA8003D4F34;
					};
					9A91D4B11BC81CA8003D4F34 = {
						CreatedOnToolsVersion = 7.0.1;
						LastSwiftMigration = 0830;
						TestTargetID = 9A91D4921BC81CA8003D4F34;
					};
				};
			};
			buildConfigurationList = 9A91D48E1BC81CA8003D4F34 /* Build configuration list for PBXProject "Pathfinder" */;
			compatibilityVersion = "Xcode 3.2";
			developmentRegion = English;
			hasScannedForEncodings = 0;
			knownRegions = (
				en,
				Base,
			);
			mainGroup = 9A91D48A1BC81CA8003D4F34;
			productRefGroup = 9A91D4941BC81CA8003D4F34 /* Products */;
			projectDirPath = "";
			projectRoot = "";
			targets = (
				9A91D4921BC81CA8003D4F34 /* Pathfinder */,
				9A91D4A61BC81CA8003D4F34 /* PathfinderTests */,
				9A91D4B11BC81CA8003D4F34 /* PathfinderUITests */,
			);
		};
/* End PBXProject section */

/* Begin PBXResourcesBuildPhase section */
		9A91D4911BC81CA8003D4F34 /* Resources */ = {
			isa = PBXResourcesBuildPhase;
			buildActionMask = 2147483647;
			files = (
				9A91D4A11BC81CA8003D4F34 /* LaunchScreen.storyboard in Resources */,
				9A91D4C51BC81CB9003D4F34 /* boards in Resources */,
				9A91D49E1BC81CA8003D4F34 /* Assets.xcassets in Resources */,
				9A91D49C1BC81CA8003D4F34 /* Main.storyboard in Resources */,
			);
			runOnlyForDeploymentPostprocessing = 0;
		};
		9A91D4A51BC81CA8003D4F34 /* Resources */ = {
			isa = PBXResourcesBuildPhase;
			buildActionMask = 2147483647;
			files = (
			);
			runOnlyForDeploymentPostprocessing = 0;
		};
		9A91D4B01BC81CA8003D4F34 /* Resources */ = {
			isa = PBXResourcesBuildPhase;
			buildActionMask = 2147483647;
			files = (
			);
			runOnlyForDeploymentPostprocessing = 0;
		};
/* End PBXResourcesBuildPhase section */

/* Begin PBXSourcesBuildPhase section */
		9A91D48F1BC81CA8003D4F34 /* Sources */ = {
			isa = PBXSourcesBuildPhase;
			buildActionMask = 2147483647;
			files = (
				9A91D4CC1BC81DFB003D4F34 /* Pathfinder.swift in Sources */,
				9A91D4CD1BC81DFB003D4F34 /* MapLoader.swift in Sources */,
				9A91D4CA1BC81DFB003D4F34 /* NodeGraphView.swift in Sources */,
				9A91D4CB1BC81DFB003D4F34 /* NodeType.swift in Sources */,
				9A91D4991BC81CA8003D4F34 /* ViewController.swift in Sources */,
				9A91D4971BC81CA8003D4F34 /* AppDelegate.swift in Sources */,
			);
			runOnlyForDeploymentPostprocessing = 0;
		};
		9A91D4A31BC81CA8003D4F34 /* Sources */ = {
			isa = PBXSourcesBuildPhase;
			buildActionMask = 2147483647;
			files = (
				9A91D4AC1BC81CA8003D4F34 /* PathfinderTests.swift in Sources */,
			);
			runOnlyForDeploymentPostprocessing = 0;
		};
		9A91D4AE1BC81CA8003D4F34 /* Sources */ = {
			isa = PBXSourcesBuildPhase;
			buildActionMask = 2147483647;
			files = (
				9A91D4B71BC81CA8003D4F34 /* PathfinderUITests.swift in Sources */,
			);
			runOnlyForDeploymentPostprocessing = 0;
		};
/* End PBXSourcesBuildPhase section */

/* Begin PBXTargetDependency section */
		9A91D4A91BC81CA8003D4F34 /* PBXTargetDependency */ = {
			isa = PBXTargetDependency;
			target = 9A91D4921BC81CA8003D4F34 /* Pathfinder */;
			targetProxy = 9A91D4A81BC81CA8003D4F34 /* PBXContainerItemProxy */;
		};
		9A91D4B41BC81CA8003D4F34 /* PBXTargetDependency */ = {
			isa = PBXTargetDependency;
			target = 9A91D4921BC81CA8003D4F34 /* Pathfinder */;
			targetProxy = 9A91D4B31BC81CA8003D4F34 /* PBXContainerItemProxy */;
		};
/* End PBXTargetDependency section */

/* Begin PBXVariantGroup section */
		9A91D49A1BC81CA8003D4F34 /* Main.storyboard */ = {
			isa = PBXVariantGroup;
			children = (
				9A91D49B1BC81CA8003D4F34 /* Base */,
			);
			name = Main.storyboard;
			sourceTree = "<group>";
		};
		9A91D49F1BC81CA8003D4F34 /* LaunchScreen.storyboard */ = {
			isa = PBXVariantGroup;
			children = (
				9A91D4A01BC81CA8003D4F34 /* Base */,
			);
			name = LaunchScreen.storyboard;
			sourceTree = "<group>";
		};
/* End PBXVariantGroup section */

/* Begin XCBuildConfiguration section */
		9A91D4B91BC81CA8003D4F34 /* Debug */ = {
			isa = XCBuildConfiguration;
			buildSettings = {
				ALWAYS_SEARCH_USER_PATHS = NO;
				CLANG_CXX_LANGUAGE_STANDARD = "gnu++0x";
				CLANG_CXX_LIBRARY = "libc++";
				CLANG_ENABLE_MODULES = YES;
				CLANG_ENABLE_OBJC_ARC = YES;
				CLANG_WARN_BOOL_CONVERSION = YES;
				CLANG_WARN_CONSTANT_CONVERSION = YES;
				CLANG_WARN_DIRECT_OBJC_ISA_USAGE = YES_ERROR;
				CLANG_WARN_EMPTY_BODY = YES;
				CLANG_WARN_ENUM_CONVERSION = YES;
				CLANG_WARN_INFINITE_RECURSION = YES;
				CLANG_WARN_INT_CONVERSION = YES;
				CLANG_WARN_OBJC_ROOT_CLASS = YES_ERROR;
				CLANG_WARN_SUSPICIOUS_MOVE = YES;
				CLANG_WARN_UNREACHABLE_CODE = YES;
				CLANG_WARN__DUPLICATE_METHOD_MATCH = YES;
				"CODE_SIGN_IDENTITY[sdk=iphoneos*]" = "iPhone Developer";
				COPY_PHASE_STRIP = NO;
				DEBUG_INFORMATION_FORMAT = dwarf;
				ENABLE_STRICT_OBJC_MSGSEND = YES;
				ENABLE_TESTABILITY = YES;
				GCC_C_LANGUAGE_STANDARD = gnu99;
				GCC_DYNAMIC_NO_PIC = NO;
				GCC_NO_COMMON_BLOCKS = YES;
				GCC_OPTIMIZATION_LEVEL = 0;
				GCC_PREPROCESSOR_DEFINITIONS = (
					"DEBUG=1",
					"$(inherited)",
				);
				GCC_WARN_64_TO_32_BIT_CONVERSION = YES;
				GCC_WARN_ABOUT_RETURN_TYPE = YES_ERROR;
				GCC_WARN_UNDECLARED_SELECTOR = YES;
				GCC_WARN_UNINITIALIZED_AUTOS = YES_AGGRESSIVE;
				GCC_WARN_UNUSED_FUNCTION = YES;
				GCC_WARN_UNUSED_VARIABLE = YES;
				IPHONEOS_DEPLOYMENT_TARGET = 9.0;
				MTL_ENABLE_DEBUG_INFO = YES;
				ONLY_ACTIVE_ARCH = YES;
				SDKROOT = iphoneos;
				SWIFT_OPTIMIZATION_LEVEL = "-Onone";
				TARGETED_DEVICE_FAMILY = "1,2";
			};
			name = Debug;
		};
		9A91D4BA1BC81CA8003D4F34 /* Release */ = {
			isa = XCBuildConfiguration;
			buildSettings = {
				ALWAYS_SEARCH_USER_PATHS = NO;
				CLANG_CXX_LANGUAGE_STANDARD = "gnu++0x";
				CLANG_CXX_LIBRARY = "libc++";
				CLANG_ENABLE_MODULES = YES;
				CLANG_ENABLE_OBJC_ARC = YES;
				CLANG_WARN_BOOL_CONVERSION = YES;
				CLANG_WARN_CONSTANT_CONVERSION = YES;
				CLANG_WARN_DIRECT_OBJC_ISA_USAGE = YES_ERROR;
				CLANG_WARN_EMPTY_BODY = YES;
				CLANG_WARN_ENUM_CONVERSION = YES;
				CLANG_WARN_INFINITE_RECURSION = YES;
				CLANG_WARN_INT_CONVERSION = YES;
				CLANG_WARN_OBJC_ROOT_CLASS = YES_ERROR;
				CLANG_WARN_SUSPICIOUS_MOVE = YES;
				CLANG_WARN_UNREACHABLE_CODE = YES;
				CLANG_WARN__DUPLICATE_METHOD_MATCH = YES;
				"CODE_SIGN_IDENTITY[sdk=iphoneos*]" = "iPhone Developer";
				COPY_PHASE_STRIP = NO;
				DEBUG_INFORMATION_FORMAT = "dwarf-with-dsym";
				ENABLE_NS_ASSERTIONS = NO;
				ENABLE_STRICT_OBJC_MSGSEND = YES;
				GCC_C_LANGUAGE_STANDARD = gnu99;
				GCC_NO_COMMON_BLOCKS = YES;
				GCC_WARN_64_TO_32_BIT_CONVERSION = YES;
				GCC_WARN_ABOUT_RETURN_TYPE = YES_ERROR;
				GCC_WARN_UNDECLARED_SELECTOR = YES;
				GCC_WARN_UNINITIALIZED_AUTOS = YES_AGGRESSIVE;
				GCC_WARN_UNUSED_FUNCTION = YES;
				GCC_WARN_UNUSED_VARIABLE = YES;
				IPHONEOS_DEPLOYMENT_TARGET = 9.0;
				MTL_ENABLE_DEBUG_INFO = NO;
				SDKROOT = iphoneos;
				SWIFT_OPTIMIZATION_LEVEL = "-Owholemodule";
				TARGETED_DEVICE_FAMILY = "1,2";
				VALIDATE_PRODUCT = YES;
			};
			name = Release;
		};
		9A91D4BC1BC81CA8003D4F34 /* Debug */ = {
			isa = XCBuildConfiguration;
			buildSettings = {
				ASSETCATALOG_COMPILER_APPICON_NAME = AppIcon;
				DEVELOPMENT_TEAM = DZK8EVM94K;
				INFOPLIST_FILE = Pathfinder/Info.plist;
				LD_RUNPATH_SEARCH_PATHS = "$(inherited) @executable_path/Frameworks";
				PRODUCT_BUNDLE_IDENTIFIER = com.vegather.Pathfinder;
				PRODUCT_NAME = "$(TARGET_NAME)";
				SWIFT_VERSION = 3.0;
			};
			name = Debug;
		};
		9A91D4BD1BC81CA8003D4F34 /* Release */ = {
			isa = XCBuildConfiguration;
			buildSettings = {
				ASSETCATALOG_COMPILER_APPICON_NAME = AppIcon;
				DEVELOPMENT_TEAM = DZK8EVM94K;
				INFOPLIST_FILE = Pathfinder/Info.plist;
				LD_RUNPATH_SEARCH_PATHS = "$(inherited) @executable_path/Frameworks";
				PRODUCT_BUNDLE_IDENTIFIER = com.vegather.Pathfinder;
				PRODUCT_NAME = "$(TARGET_NAME)";
				SWIFT_VERSION = 3.0;
			};
			name = Release;
		};
		9A91D4BF1BC81CA8003D4F34 /* Debug */ = {
			isa = XCBuildConfiguration;
			buildSettings = {
				BUNDLE_LOADER = "$(TEST_HOST)";
				INFOPLIST_FILE = PathfinderTests/Info.plist;
				LD_RUNPATH_SEARCH_PATHS = "$(inherited) @executable_path/Frameworks @loader_path/Frameworks";
				PRODUCT_BUNDLE_IDENTIFIER = com.vegather.PathfinderTests;
				PRODUCT_NAME = "$(TARGET_NAME)";
				SWIFT_VERSION = 3.0;
				TEST_HOST = "$(BUILT_PRODUCTS_DIR)/Pathfinder.app/Pathfinder";
			};
			name = Debug;
		};
		9A91D4C01BC81CA8003D4F34 /* Release */ = {
			isa = XCBuildConfiguration;
			buildSettings = {
				BUNDLE_LOADER = "$(TEST_HOST)";
				INFOPLIST_FILE = PathfinderTests/Info.plist;
				LD_RUNPATH_SEARCH_PATHS = "$(inherited) @executable_path/Frameworks @loader_path/Frameworks";
				PRODUCT_BUNDLE_IDENTIFIER = com.vegather.PathfinderTests;
				PRODUCT_NAME = "$(TARGET_NAME)";
				SWIFT_VERSION = 3.0;
				TEST_HOST = "$(BUILT_PRODUCTS_DIR)/Pathfinder.app/Pathfinder";
			};
			name = Release;
		};
		9A91D4C21BC81CA8003D4F34 /* Debug */ = {
			isa = XCBuildConfiguration;
			buildSettings = {
				INFOPLIST_FILE = PathfinderUITests/Info.plist;
				LD_RUNPATH_SEARCH_PATHS = "$(inherited) @executable_path/Frameworks @loader_path/Frameworks";
				PRODUCT_BUNDLE_IDENTIFIER = com.vegather.PathfinderUITests;
				PRODUCT_NAME = "$(TARGET_NAME)";
				SWIFT_VERSION = 3.0;
				TEST_TARGET_NAME = Pathfinder;
				USES_XCTRUNNER = YES;
			};
			name = Debug;
		};
		9A91D4C31BC81CA8003D4F34 /* Release */ = {
			isa = XCBuildConfiguration;
			buildSettings = {
				INFOPLIST_FILE = PathfinderUITests/Info.plist;
				LD_RUNPATH_SEARCH_PATHS = "$(inherited) @executable_path/Frameworks @loader_path/Frameworks";
				PRODUCT_BUNDLE_IDENTIFIER = com.vegather.PathfinderUITests;
				PRODUCT_NAME = "$(TARGET_NAME)";
				SWIFT_VERSION = 3.0;
				TEST_TARGET_NAME = Pathfinder;
				USES_XCTRUNNER = YES;
			};
			name = Release;
		};
/* End XCBuildConfiguration section */

/* Begin XCConfigurationList section */
		9A91D48E1BC81CA8003D4F34 /* Build configuration list for PBXProject "Pathfinder" */ = {
			isa = XCConfigurationList;
			buildConfigurations = (
				9A91D4B91BC81CA8003D4F34 /* Debug */,
				9A91D4BA1BC81CA8003D4F34 /* Release */,
			);
			defaultConfigurationIsVisible = 0;
			defaultConfigurationName = Release;
		};
		9A91D4BB1BC81CA8003D4F34 /* Build configuration list for PBXNativeTarget "Pathfinder" */ = {
			isa = XCConfigurationList;
			buildConfigurations = (
				9A91D4BC1BC81CA8003D4F34 /* Debug */,
				9A91D4BD1BC81CA8003D4F34 /* Release */,
			);
			defaultConfigurationIsVisible = 0;
			defaultConfigurationName = Release;
		};
		9A91D4BE1BC81CA8003D4F34 /* Build configuration list for PBXNativeTarget "PathfinderTests" */ = {
			isa = XCConfigurationList;
			buildConfigurations = (
				9A91D4BF1BC81CA8003D4F34 /* Debug */,
				9A91D4C01BC81CA8003D4F34 /* Release */,
			);
			defaultConfigurationIsVisible = 0;
			defaultConfigurationName = Release;
		};
		9A91D4C11BC81CA8003D4F34 /* Build configuration list for PBXNativeTarget "PathfinderUITests" */ = {
			isa = XCConfigurationList;
			buildConfigurations = (
				9A91D4C21BC81CA8003D4F34 /* Debug */,
				9A91D4C31BC81CA8003D4F34 /* Release */,
			);
			defaultConfigurationIsVisible = 0;
			defaultConfigurationName = Release;
		};
/* End XCConfigurationList section */
	};
	rootObject = 9A91D48B1BC81CA8003D4F34 /* Project object */;
}
